
Microsoft Visual Studio Solution File, Format Version 12.00
# Visual Studio 14
VisualStudioVersion = 14.0.24720.0
MinimumVisualStudioVersion = 10.0.40219.1
Project("{FAE04EC0-301F-11D3-BF4B-00C04F79EFBC}") = "GettingStarted", "GettingStarted\GettingStarted.csproj", "{EAA5D82F-266C-4234-8D59-F84D3E29C3A4}"
EndProject
Project("{FAE04EC0-301F-11D3-BF4B-00C04F79EFBC}") = "Calculator.Tests", "Calculator.Tests\Calculator.Tests.csproj", "{5A3CFC8A-3333-4571-82EB-898A7CA4BFDF}"
EndProject
Global
	GlobalSection(SolutionConfigurationPlatforms) = preSolution
		Debug|Any CPU = Debug|Any CPU
		Release|Any CPU = Release|Any CPU
	EndGlobalSection
	GlobalSection(ProjectConfigurationPlatforms) = postSolution
		{EAA5D82F-266C-4234-8D59-F84D3E29C3A4}.Debug|Any CPU.ActiveCfg = Debug|Any CPU
		{EAA5D82F-266C-4234-8D59-F84D3E29C3A4}.Debug|Any CPU.Build.0 = Debug|Any CPU
		{EAA5D82F-266C-4234-8D59-F84D3E29C3A4}.Release|Any CPU.ActiveCfg = Release|Any CPU
		{EAA5D82F-266C-4234-8D59-F84D3E29C3A4}.Release|Any CPU.Build.0 = Release|Any CPU
		{5A3CFC8A-3333-4571-82EB-898A7CA4BFDF}.Debug|Any CPU.ActiveCfg = Debug|Any CPU
		{5A3CFC8A-3333-4571-82EB-898A7CA4BFDF}.Debug|Any CPU.Build.0 = Debug|Any CPU
		{5A3CFC8A-3333-4571-82EB-898A7CA4BFDF}.Release|Any CPU.ActiveCfg = Release|Any CPU
		{5A3CFC8A-3333-4571-82EB-898A7CA4BFDF}.Release|Any CPU.Build.0 = Release|Any CPU
	EndGlobalSection
	GlobalSection(SolutionProperties) = preSolution
		HideSolutionNode = FALSE
	EndGlobalSection
EndGlobal
